
Microsoft Visual Studio Solution File, Format Version 12.00
# Visual Studio 15
VisualStudioVersion = 15.0.28307.271
MinimumVisualStudioVersion = 10.0.40219.1
Project("{9A19103F-16F7-4668-BE54-9A1E7A4F7556}") = "urlsh.uiweb", "urlsh.uiweb\urlsh.uiweb.csproj", "{DECFFCF0-6A02-49F9-BF7F-0749954EC9AB}"
EndProject
Project("{9A19103F-16F7-4668-BE54-9A1E7A4F7556}") = "urlsh.data.sqlite", "urlsh.data.sqlite\urlsh.data.sqlite.csproj", "{5F0061ED-7294-412E-856C-6BC5669311E2}"
EndProject
Project("{9A19103F-16F7-4668-BE54-9A1E7A4F7556}") = "urlsh.uiconsole", "urlsh.uiconsole\urlsh.uiconsole.csproj", "{873A0B40-85C3-4BBD-90A3-F5D2FF3702EA}"
EndProject
Project("{FAE04EC0-301F-11D3-BF4B-00C04F79EFBC}") = "urlsh.manager", "urlsh.manager\urlsh.manager.csproj", "{0CBCA73F-C0FA-4A31-B972-95A30139EE65}"
EndProject
Global
	GlobalSection(SolutionConfigurationPlatforms) = preSolution
		Debug|Any CPU = Debug|Any CPU
		Release|Any CPU = Release|Any CPU
	EndGlobalSection
	GlobalSection(ProjectConfigurationPlatforms) = postSolution
		{DECFFCF0-6A02-49F9-BF7F-0749954EC9AB}.Debug|Any CPU.ActiveCfg = Debug|Any CPU
		{DECFFCF0-6A02-49F9-BF7F-0749954EC9AB}.Debug|Any CPU.Build.0 = Debug|Any CPU
		{DECFFCF0-6A02-49F9-BF7F-0749954EC9AB}.Release|Any CPU.ActiveCfg = Release|Any CPU
		{DECFFCF0-6A02-49F9-BF7F-0749954EC9AB}.Release|Any CPU.Build.0 = Release|Any CPU
		{5F0061ED-7294-412E-856C-6BC5669311E2}.Debug|Any CPU.ActiveCfg = Debug|Any CPU
		{5F0061ED-7294-412E-856C-6BC5669311E2}.Debug|Any CPU.Build.0 = Debug|Any CPU
		{5F0061ED-7294-412E-856C-6BC5669311E2}.Release|Any CPU.ActiveCfg = Release|Any CPU
		{5F0061ED-7294-412E-856C-6BC5669311E2}.Release|Any CPU.Build.0 = Release|Any CPU
		{873A0B40-85C3-4BBD-90A3-F5D2FF3702EA}.Debug|Any CPU.ActiveCfg = Debug|Any CPU
		{873A0B40-85C3-4BBD-90A3-F5D2FF3702EA}.Debug|Any CPU.Build.0 = Debug|Any CPU
		{873A0B40-85C3-4BBD-90A3-F5D2FF3702EA}.Release|Any CPU.ActiveCfg = Release|Any CPU
		{873A0B40-85C3-4BBD-90A3-F5D2FF3702EA}.Release|Any CPU.Build.0 = Release|Any CPU
		{0CBCA73F-C0FA-4A31-B972-95A30139EE65}.Debug|Any CPU.ActiveCfg = Debug|Any CPU
		{0CBCA73F-C0FA-4A31-B972-95A30139EE65}.Debug|Any CPU.Build.0 = Debug|Any CPU
		{0CBCA73F-C0FA-4A31-B972-95A30139EE65}.Release|Any CPU.ActiveCfg = Release|Any CPU
		{0CBCA73F-C0FA-4A31-B972-95A30139EE65}.Release|Any CPU.Build.0 = Release|Any CPU
	EndGlobalSection
	GlobalSection(SolutionProperties) = preSolution
		HideSolutionNode = FALSE
	EndGlobalSection
	GlobalSection(ExtensibilityGlobals) = postSolution
		SolutionGuid = {95AF9190-B29B-47FA-8BF8-5FCF02FF7296}
	EndGlobalSection
EndGlobal
